
Microsoft Visual Studio Solution File, Format Version 12.00
# Visual Studio Version 17
VisualStudioVersion = 17.6.33723.286
MinimumVisualStudioVersion = 10.0.40219.1
Project("{FAE04EC0-301F-11D3-BF4B-00C04F79EFBC}") = "MyFirstCalculator", "MyFirstCalculator.csproj", "{40E065E8-11A5-4C0F-A299-22293D239B56}"
EndProject
Project("{FAE04EC0-301F-11D3-BF4B-00C04F79EFBC}") = "MyFirstCalculatorTests", "..\MyFirstCalculatorTests\MyFirstCalculatorTests.csproj", "{4E67F1B0-377D-4EAA-B3D8-2579EFFC1670}"
EndProject
Global
	GlobalSection(SolutionConfigurationPlatforms) = preSolution
		Debug|Any CPU = Debug|Any CPU
		Release|Any CPU = Release|Any CPU
	EndGlobalSection
	GlobalSection(ProjectConfigurationPlatforms) = postSolution
		{40E065E8-11A5-4C0F-A299-22293D239B56}.Debug|Any CPU.ActiveCfg = Debug|Any CPU
		{40E065E8-11A5-4C0F-A299-22293D239B56}.Debug|Any CPU.Build.0 = Debug|Any CPU
		{40E065E8-11A5-4C0F-A299-22293D239B56}.Release|Any CPU.ActiveCfg = Release|Any CPU
		{40E065E8-11A5-4C0F-A299-22293D239B56}.Release|Any CPU.Build.0 = Release|Any CPU
		{4E67F1B0-377D-4EAA-B3D8-2579EFFC1670}.Debug|Any CPU.ActiveCfg = Debug|Any CPU
		{4E67F1B0-377D-4EAA-B3D8-2579EFFC1670}.Debug|Any CPU.Build.0 = Debug|Any CPU
		{4E67F1B0-377D-4EAA-B3D8-2579EFFC1670}.Release|Any CPU.ActiveCfg = Release|Any CPU
		{4E67F1B0-377D-4EAA-B3D8-2579EFFC1670}.Release|Any CPU.Build.0 = Release|Any CPU
	EndGlobalSection
	GlobalSection(SolutionProperties) = preSolution
		HideSolutionNode = FALSE
	EndGlobalSection
	GlobalSection(ExtensibilityGlobals) = postSolution
		SolutionGuid = {3E98F0B7-4CD0-41BA-819D-2347F7B288D8}
	EndGlobalSection
EndGlobal
